
Microsoft Visual Studio Solution File, Format Version 12.00
Project("{FAE04EC0-301F-11D3-BF4B-00C04F79EFBC}") = "mastermind", "mastermind\mastermind.csproj", "{2199A8F0-435B-4CAB-A367-C8BDE1026B26}"
EndProject
Project("{FAE04EC0-301F-11D3-BF4B-00C04F79EFBC}") = "mastermindTests", "mastermindTests\mastermindTests.csproj", "{1572A6FE-2035-4596-81E1-1D93C317D718}"
EndProject
Global
	GlobalSection(SolutionConfigurationPlatforms) = preSolution
		Debug|Any CPU = Debug|Any CPU
		Release|Any CPU = Release|Any CPU
	EndGlobalSection
	GlobalSection(ProjectConfigurationPlatforms) = postSolution
		{2199A8F0-435B-4CAB-A367-C8BDE1026B26}.Debug|Any CPU.ActiveCfg = Debug|Any CPU
		{2199A8F0-435B-4CAB-A367-C8BDE1026B26}.Debug|Any CPU.Build.0 = Debug|Any CPU
		{2199A8F0-435B-4CAB-A367-C8BDE1026B26}.Release|Any CPU.ActiveCfg = Release|Any CPU
		{2199A8F0-435B-4CAB-A367-C8BDE1026B26}.Release|Any CPU.Build.0 = Release|Any CPU
		{1572A6FE-2035-4596-81E1-1D93C317D718}.Debug|Any CPU.ActiveCfg = Debug|Any CPU
		{1572A6FE-2035-4596-81E1-1D93C317D718}.Debug|Any CPU.Build.0 = Debug|Any CPU
		{1572A6FE-2035-4596-81E1-1D93C317D718}.Release|Any CPU.ActiveCfg = Release|Any CPU
		{1572A6FE-2035-4596-81E1-1D93C317D718}.Release|Any CPU.Build.0 = Release|Any CPU
	EndGlobalSection
EndGlobal
